
Microsoft Visual Studio Solution File, Format Version 12.00
# Visual Studio 2017
Project("{FAE04EC0-301F-11D3-BF4B-00C04F79EFBC}") = "Infinite Pixels", "Infinite Pixels.csproj", "{4E0FBA7B-F4A7-5E18-57CA-77DD27485ADE}"
EndProject
Project("{FAE04EC0-301F-11D3-BF4B-00C04F79EFBC}") = "Infinite Pixels.Editor", "Infinite Pixels.Editor.csproj", "{0C4B21B2-AB11-4E21-2091-9F52771CE201}"
EndProject
Global
	GlobalSection(SolutionConfigurationPlatforms) = preSolution
		Debug|Any CPU = Debug|Any CPU
		Release|Any CPU = Release|Any CPU
	EndGlobalSection
	GlobalSection(ProjectConfigurationPlatforms) = postSolution
		{4E0FBA7B-F4A7-5E18-57CA-77DD27485ADE}.Debug|Any CPU.ActiveCfg = Debug|Any CPU
		{4E0FBA7B-F4A7-5E18-57CA-77DD27485ADE}.Debug|Any CPU.Build.0 = Debug|Any CPU
		{4E0FBA7B-F4A7-5E18-57CA-77DD27485ADE}.Release|Any CPU.ActiveCfg = Release|Any CPU
		{4E0FBA7B-F4A7-5E18-57CA-77DD27485ADE}.Release|Any CPU.Build.0 = Release|Any CPU
		{0C4B21B2-AB11-4E21-2091-9F52771CE201}.Debug|Any CPU.ActiveCfg = Debug|Any CPU
		{0C4B21B2-AB11-4E21-2091-9F52771CE201}.Debug|Any CPU.Build.0 = Debug|Any CPU
		{0C4B21B2-AB11-4E21-2091-9F52771CE201}.Release|Any CPU.ActiveCfg = Release|Any CPU
		{0C4B21B2-AB11-4E21-2091-9F52771CE201}.Release|Any CPU.Build.0 = Release|Any CPU
	EndGlobalSection
	GlobalSection(SolutionProperties) = preSolution
		HideSolutionNode = FALSE
	EndGlobalSection
EndGlobal
